{
  "name": "open-refine-webapp",
  "lockfileVersion": 3,
  "requires": true,
  "packages": {
    "": {
      "name": "open-refine-webapp",
      "hasInstallScript": true,
      "dependencies": {
        "@wikimedia/jquery.i18n": "1.0.9",
        "jquery": "3.7.1",
        "jquery-migrate": "3.5.2",
        "js-cookie": "3.0.5",
        "select2": "4.1.0-rc.0",
        "tablesorter": "2.32.0",
        "underscore": "1.13.7"
      },
      "devDependencies": {},
      "engines": {
        "node": ">=14.0.0",
        "npm": ">=8.11.0",
        "yarn": ">=1.22.15"
      }
    },
    "node_modules/@wikimedia/jquery.i18n": {
      "version": "1.0.9",
      "license": "(MIT OR GPL-2.0-or-later)"
    },
    "node_modules/jquery": {
      "version": "3.7.1",
      "license": "MIT"
    },
    "node_modules/jquery-migrate": {
      "version": "3.5.2",
      "license": "MIT",
      "peerDependencies": {
        "jquery": ">=3 <4"
      }
    },
    "node_modules/js-cookie": {
      "version": "3.0.5",
      "license": "MIT",
      "engines": {
        "node": ">=14"
      }
    },
    "node_modules/select2": {
      "version": "4.1.0-rc.0",
      "license": "MIT"
    },
    "node_modules/tablesorter": {
      "version": "2.32.0",
      "license": "(MIT OR GPL-2.0)",
      "dependencies": {
        "jquery": ">=1.2.6"
      }
    },
    "node_modules/underscore": {
      "version": "1.13.7",
      "license": "MIT"
    }
  }
}
